// !$*UTF8*$!
{
	archiveVersion = 1;
	classes = {
	};
	objectVersion = 48;
	objects = {

/* Begin PBXBuildFile section */
		E4A84E74214A27F0007E2D3D /* Product.swift in Sources */ = {isa = PBXBuildFile; fileRef = E4A84E73214A27F0007E2D3D /* Product.swift */; };
		E4A84E76214A2819007E2D3D /* ProductCell.swift in Sources */ = {isa = PBXBuildFile; fileRef = E4A84E75214A2819007E2D3D /* ProductCell.swift */; };
		E4A84E78214A2847007E2D3D /* ProductVC.swift in Sources */ = {isa = PBXBuildFile; fileRef = E4A84E77214A2847007E2D3D /* ProductVC.swift */; };
		E4BED2F721498C70009587C8 /* AppDelegate.swift in Sources */ = {isa = PBXBuildFile; fileRef = E4BED2F621498C70009587C8 /* AppDelegate.swift */; };
		E4BED2F921498C70009587C8 /* CategoryVC.swift in Sources */ = {isa = PBXBuildFile; fileRef = E4BED2F821498C70009587C8 /* CategoryVC.swift */; };
		E4BED2FC21498C70009587C8 /* Main.storyboard in Resources */ = {isa = PBXBuildFile; fileRef = E4BED2FA21498C70009587C8 /* Main.storyboard */; };
		E4BED2FE21498C70009587C8 /* Assets.xcassets in Resources */ = {isa = PBXBuildFile; fileRef = E4BED2FD21498C70009587C8 /* Assets.xcassets */; };
		E4BED30121498C70009587C8 /* LaunchScreen.storyboard in Resources */ = {isa = PBXBuildFile; fileRef = E4BED2FF21498C70009587C8 /* LaunchScreen.storyboard */; };
		E4BED31021498D0C009587C8 /* Category.swift in Sources */ = {isa = PBXBuildFile; fileRef = E4BED30F21498D0C009587C8 /* Category.swift */; };
		E4BED31221498D20009587C8 /* CategoryCell.swift in Sources */ = {isa = PBXBuildFile; fileRef = E4BED31121498D20009587C8 /* CategoryCell.swift */; };
		E4BED31421499139009587C8 /* DataService.swift in Sources */ = {isa = PBXBuildFile; fileRef = E4BED31321499139009587C8 /* DataService.swift */; };
/* End PBXBuildFile section */

/* Begin PBXFileReference section */
		E4A84E73214A27F0007E2D3D /* Product.swift */ = {isa = PBXFileReference; lastKnownFileType = sourcecode.swift; path = Product.swift; sourceTree = "<group>"; };
		E4A84E75214A2819007E2D3D /* ProductCell.swift */ = {isa = PBXFileReference; lastKnownFileType = sourcecode.swift; path = ProductCell.swift; sourceTree = "<group>"; };
		E4A84E77214A2847007E2D3D /* ProductVC.swift */ = {isa = PBXFileReference; lastKnownFileType = sourcecode.swift; path = ProductVC.swift; sourceTree = "<group>"; };
		E4BED2F321498C70009587C8 /* practableView.app */ = {isa = PBXFileReference; explicitFileType = wrapper.application; includeInIndex = 0; path = practableView.app; sourceTree = BUILT_PRODUCTS_DIR; };
		E4BED2F621498C70009587C8 /* AppDelegate.swift */ = {isa = PBXFileReference; lastKnownFileType = sourcecode.swift; path = AppDelegate.swift; sourceTree = "<group>"; };
		E4BED2F821498C70009587C8 /* CategoryVC.swift */ = {isa = PBXFileReference; lastKnownFileType = sourcecode.swift; path = CategoryVC.swift; sourceTree = "<group>"; };
		E4BED2FB21498C70009587C8 /* Base */ = {isa = PBXFileReference; lastKnownFileType = file.storyboard; name = Base; path = Base.lproj/Main.storyboard; sourceTree = "<group>"; };
		E4BED2FD21498C70009587C8 /* Assets.xcassets */ = {isa = PBXFileReference; lastKnownFileType = folder.assetcatalog; path = Assets.xcassets; sourceTree = "<group>"; };
		E4BED30021498C70009587C8 /* Base */ = {isa = PBXFileReference; lastKnownFileType = file.storyboard; name = Base; path = Base.lproj/LaunchScreen.storyboard; sourceTree = "<group>"; };
		E4BED30221498C70009587C8 /* Info.plist */ = {isa = PBXFileReference; lastKnownFileType = text.plist.xml; path = Info.plist; sourceTree = "<group>"; };
		E4BED30F21498D0C009587C8 /* Category.swift */ = {isa = PBXFileReference; lastKnownFileType = sourcecode.swift; path = Category.swift; sourceTree = "<group>"; };
		E4BED31121498D20009587C8 /* CategoryCell.swift */ = {isa = PBXFileReference; lastKnownFileType = sourcecode.swift; path = CategoryCell.swift; sourceTree = "<group>"; };
		E4BED31321499139009587C8 /* DataService.swift */ = {isa = PBXFileReference; lastKnownFileType = sourcecode.swift; path = DataService.swift; sourceTree = "<group>"; };
/* End PBXFileReference section */

/* Begin PBXFrameworksBuildPhase section */
		E4BED2F021498C70009587C8 /* Frameworks */ = {
			isa = PBXFrameworksBuildPhase;
			buildActionMask = 2147483647;
			files = (
			);
			runOnlyForDeploymentPostprocessing = 0;
		};
/* End PBXFrameworksBuildPhase section */

/* Begin PBXGroup section */
		E4BED2EA21498C70009587C8 = {
			isa = PBXGroup;
			children = (
				E4BED2F521498C70009587C8 /* practableView */,
				E4BED2F421498C70009587C8 /* Products */,
			);
			sourceTree = "<group>";
		};
		E4BED2F421498C70009587C8 /* Products */ = {
			isa = PBXGroup;
			children = (
				E4BED2F321498C70009587C8 /* practableView.app */,
			);
			name = Products;
			sourceTree = "<group>";
		};
		E4BED2F521498C70009587C8 /* practableView */ = {
			isa = PBXGroup;
			children = (
				E4BED30C21498CAB009587C8 /* Services */,
				E4BED30A21498C95009587C8 /* Model */,
				E4BED30921498C92009587C8 /* View */,
				E4BED30821498C90009587C8 /* Controller */,
				E4BED2FA21498C70009587C8 /* Main.storyboard */,
				E4BED2FD21498C70009587C8 /* Assets.xcassets */,
				E4BED2F621498C70009587C8 /* AppDelegate.swift */,
				E4BED2FF21498C70009587C8 /* LaunchScreen.storyboard */,
				E4BED30221498C70009587C8 /* Info.plist */,
			);
			path = practableView;
			sourceTree = "<group>";
		};
		E4BED30821498C90009587C8 /* Controller */ = {
			isa = PBXGroup;
			children = (
				E4BED2F821498C70009587C8 /* CategoryVC.swift */,
				E4A84E77214A2847007E2D3D /* ProductVC.swift */,
			);
			path = Controller;
			sourceTree = "<group>";
		};
		E4BED30921498C92009587C8 /* View */ = {
			isa = PBXGroup;
			children = (
				E4BED31121498D20009587C8 /* CategoryCell.swift */,
				E4A84E75214A2819007E2D3D /* ProductCell.swift */,
			);
			path = View;
			sourceTree = "<group>";
		};
		E4BED30A21498C95009587C8 /* Model */ = {
			isa = PBXGroup;
			children = (
				E4BED30F21498D0C009587C8 /* Category.swift */,
				E4A84E73214A27F0007E2D3D /* Product.swift */,
			);
			path = Model;
			sourceTree = "<group>";
		};
		E4BED30C21498CAB009587C8 /* Services */ = {
			isa = PBXGroup;
			children = (
				E4BED31321499139009587C8 /* DataService.swift */,
			);
			path = Services;
			sourceTree = "<group>";
		};
/* End PBXGroup section */

/* Begin PBXNativeTarget section */
		E4BED2F221498C70009587C8 /* practableView */ = {
			isa = PBXNativeTarget;
			buildConfigurationList = E4BED30521498C70009587C8 /* Build configuration list for PBXNativeTarget "practableView" */;
			buildPhases = (
				E4BED2EF21498C70009587C8 /* Sources */,
				E4BED2F021498C70009587C8 /* Frameworks */,
				E4BED2F121498C70009587C8 /* Resources */,
			);
			buildRules = (
			);
			dependencies = (
			);
			name = practableView;
			productName = practableView;
			productReference = E4BED2F321498C70009587C8 /* practableView.app */;
			productType = "com.apple.product-type.application";
		};
/* End PBXNativeTarget section */

/* Begin PBXProject section */
		E4BED2EB21498C70009587C8 /* Project object */ = {
			isa = PBXProject;
			attributes = {
				LastSwiftUpdateCheck = 0920;
				LastUpgradeCheck = 0920;
				ORGANIZATIONNAME = "iOS developer";
				TargetAttributes = {
					E4BED2F221498C70009587C8 = {
						CreatedOnToolsVersion = 9.2;
						ProvisioningStyle = Automatic;
					};
				};
			};
			buildConfigurationList = E4BED2EE21498C70009587C8 /* Build configuration list for PBXProject "practableView" */;
			compatibilityVersion = "Xcode 8.0";
			developmentRegion = en;
			hasScannedForEncodings = 0;
			knownRegions = (
				en,
				Base,
			);
			mainGroup = E4BED2EA21498C70009587C8;
			productRefGroup = E4BED2F421498C70009587C8 /* Products */;
			projectDirPath = "";
			projectRoot = "";
			targets = (
				E4BED2F221498C70009587C8 /* practableView */,
			);
		};
/* End PBXProject section */

/* Begin PBXResourcesBuildPhase section */
		E4BED2F121498C70009587C8 /* Resources */ = {
			isa = PBXResourcesBuildPhase;
			buildActionMask = 2147483647;
			files = (
				E4BED30121498C70009587C8 /* LaunchScreen.storyboard in Resources */,
				E4BED2FE21498C70009587C8 /* Assets.xcassets in Resources */,
				E4BED2FC21498C70009587C8 /* Main.storyboard in Resources */,
			);
			runOnlyForDeploymentPostprocessing = 0;
		};
/* End PBXResourcesBuildPhase section */

/* Begin PBXSourcesBuildPhase section */
		E4BED2EF21498C70009587C8 /* Sources */ = {
			isa = PBXSourcesBuildPhase;
			buildActionMask = 2147483647;
			files = (
				E4A84E76214A2819007E2D3D /* ProductCell.swift in Sources */,
				E4BED31421499139009587C8 /* DataService.swift in Sources */,
				E4BED2F921498C70009587C8 /* CategoryVC.swift in Sources */,
				E4BED2F721498C70009587C8 /* AppDelegate.swift in Sources */,
				E4A84E78214A2847007E2D3D /* ProductVC.swift in Sources */,
				E4BED31021498D0C009587C8 /* Category.swift in Sources */,
				E4BED31221498D20009587C8 /* CategoryCell.swift in Sources */,
				E4A84E74214A27F0007E2D3D /* Product.swift in Sources */,
			);
			runOnlyForDeploymentPostprocessing = 0;
		};
/* End PBXSourcesBuildPhase section */

/* Begin PBXVariantGroup section */
		E4BED2FA21498C70009587C8 /* Main.storyboard */ = {
			isa = PBXVariantGroup;
			children = (
				E4BED2FB21498C70009587C8 /* Base */,
			);
			name = Main.storyboard;
			sourceTree = "<group>";
		};
		E4BED2FF21498C70009587C8 /* LaunchScreen.storyboard */ = {
			isa = PBXVariantGroup;
			children = (
				E4BED30021498C70009587C8 /* Base */,
			);
			name = LaunchScreen.storyboard;
			sourceTree = "<group>";
		};
/* End PBXVariantGroup section */

/* Begin XCBuildConfiguration section */
		E4BED30321498C70009587C8 /* Debug */ = {
			isa = XCBuildConfiguration;
			buildSettings = {
				ALWAYS_SEARCH_USER_PATHS = NO;
				CLANG_ANALYZER_NONNULL = YES;
				CLANG_ANALYZER_NUMBER_OBJECT_CONVERSION = YES_AGGRESSIVE;
				CLANG_CXX_LANGUAGE_STANDARD = "gnu++14";
				CLANG_CXX_LIBRARY = "libc++";
				CLANG_ENABLE_MODULES = YES;
				CLANG_ENABLE_OBJC_ARC = YES;
				CLANG_WARN_BLOCK_CAPTURE_AUTORELEASING = YES;
				CLANG_WARN_BOOL_CONVERSION = YES;
				CLANG_WARN_COMMA = YES;
				CLANG_WARN_CONSTANT_CONVERSION = YES;
				CLANG_WARN_DIRECT_OBJC_ISA_USAGE = YES_ERROR;
				CLANG_WARN_DOCUMENTATION_COMMENTS = YES;
				CLANG_WARN_EMPTY_BODY = YES;
				CLANG_WARN_ENUM_CONVERSION = YES;
				CLANG_WARN_INFINITE_RECURSION = YES;
				CLANG_WARN_INT_CONVERSION = YES;
				CLANG_WARN_NON_LITERAL_NULL_CONVERSION = YES;
				CLANG_WARN_OBJC_LITERAL_CONVERSION = YES;
				CLANG_WARN_OBJC_ROOT_CLASS = YES_ERROR;
				CLANG_WARN_RANGE_LOOP_ANALYSIS = YES;
				CLANG_WARN_STRICT_PROTOTYPES = YES;
				CLANG_WARN_SUSPICIOUS_MOVE = YES;
				CLANG_WARN_UNGUARDED_AVAILABILITY = YES_AGGRESSIVE;
				CLANG_WARN_UNREACHABLE_CODE = YES;
				CLANG_WARN__DUPLICATE_METHOD_MATCH = YES;
				CODE_SIGN_IDENTITY = "iPhone Developer";
				COPY_PHASE_STRIP = NO;
				DEBUG_INFORMATION_FORMAT = dwarf;
				ENABLE_STRICT_OBJC_MSGSEND = YES;
				ENABLE_TESTABILITY = YES;
				GCC_C_LANGUAGE_STANDARD = gnu11;
				GCC_DYNAMIC_NO_PIC = NO;
				GCC_NO_COMMON_BLOCKS = YES;
				GCC_OPTIMIZATION_LEVEL = 0;
				GCC_PREPROCESSOR_DEFINITIONS = (
					"DEBUG=1",
					"$(inherited)",
				);
				GCC_WARN_64_TO_32_BIT_CONVERSION = YES;
				GCC_WARN_ABOUT_RETURN_TYPE = YES_ERROR;
				GCC_WARN_UNDECLARED_SELECTOR = YES;
				GCC_WARN_UNINITIALIZED_AUTOS = YES_AGGRESSIVE;
				GCC_WARN_UNUSED_FUNCTION = YES;
				GCC_WARN_UNUSED_VARIABLE = YES;
				IPHONEOS_DEPLOYMENT_TARGET = 11.2;
				MTL_ENABLE_DEBUG_INFO = YES;
				ONLY_ACTIVE_ARCH = YES;
				SDKROOT = iphoneos;
				SWIFT_ACTIVE_COMPILATION_CONDITIONS = DEBUG;
				SWIFT_OPTIMIZATION_LEVEL = "-Onone";
			};
			name = Debug;
		};
		E4BED30421498C70009587C8 /* Release */ = {
			isa = XCBuildConfiguration;
			buildSettings = {
				ALWAYS_SEARCH_USER_PATHS = NO;
				CLANG_ANALYZER_NONNULL = YES;
				CLANG_ANALYZER_NUMBER_OBJECT_CONVERSION = YES_AGGRESSIVE;
				CLANG_CXX_LANGUAGE_STANDARD = "gnu++14";
				CLANG_CXX_LIBRARY = "libc++";
				CLANG_ENABLE_MODULES = YES;
				CLANG_ENABLE_OBJC_ARC = YES;
				CLANG_WARN_BLOCK_CAPTURE_AUTORELEASING = YES;
				CLANG_WARN_BOOL_CONVERSION = YES;
				CLANG_WARN_COMMA = YES;
				CLANG_WARN_CONSTANT_CONVERSION = YES;
				CLANG_WARN_DIRECT_OBJC_ISA_USAGE = YES_ERROR;
				CLANG_WARN_DOCUMENTATION_COMMENTS = YES;
				CLANG_WARN_EMPTY_BODY = YES;
				CLANG_WARN_ENUM_CONVERSION = YES;
				CLANG_WARN_INFINITE_RECURSION = YES;
				CLANG_WARN_INT_CONVERSION = YES;
				CLANG_WARN_NON_LITERAL_NULL_CONVERSION = YES;
				CLANG_WARN_OBJC_LITERAL_CONVERSION = YES;
				CLANG_WARN_OBJC_ROOT_CLASS = YES_ERROR;
				CLANG_WARN_RANGE_LOOP_ANALYSIS = YES;
				CLANG_WARN_STRICT_PROTOTYPES = YES;
				CLANG_WARN_SUSPICIOUS_MOVE = YES;
				CLANG_WARN_UNGUARDED_AVAILABILITY = YES_AGGRESSIVE;
				CLANG_WARN_UNREACHABLE_CODE = YES;
				CLANG_WARN__DUPLICATE_METHOD_MATCH = YES;
				CODE_SIGN_IDENTITY = "iPhone Developer";
				COPY_PHASE_STRIP = NO;
				DEBUG_INFORMATION_FORMAT = "dwarf-with-dsym";
				ENABLE_NS_ASSERTIONS = NO;
				ENABLE_STRICT_OBJC_MSGSEND = YES;
				GCC_C_LANGUAGE_STANDARD = gnu11;
				GCC_NO_COMMON_BLOCKS = YES;
				GCC_WARN_64_TO_32_BIT_CONVERSION = YES;
				GCC_WARN_ABOUT_RETURN_TYPE = YES_ERROR;
				GCC_WARN_UNDECLARED_SELECTOR = YES;
				GCC_WARN_UNINITIALIZED_AUTOS = YES_AGGRESSIVE;
				GCC_WARN_UNUSED_FUNCTION = YES;
				GCC_WARN_UNUSED_VARIABLE = YES;
				IPHONEOS_DEPLOYMENT_TARGET = 11.2;
				MTL_ENABLE_DEBUG_INFO = NO;
				SDKROOT = iphoneos;
				SWIFT_OPTIMIZATION_LEVEL = "-Owholemodule";
				VALIDATE_PRODUCT = YES;
			};
			name = Release;
		};
		E4BED30621498C70009587C8 /* Debug */ = {
			isa = XCBuildConfiguration;
			buildSettings = {
				ASSETCATALOG_COMPILER_APPICON_NAME = AppIcon;
				CODE_SIGN_STYLE = Automatic;
				DEVELOPMENT_TEAM = C94WC52RNY;
				INFOPLIST_FILE = practableView/Info.plist;
				LD_RUNPATH_SEARCH_PATHS = "$(inherited) @executable_path/Frameworks";
				PRODUCT_BUNDLE_IDENTIFIER = "Farjana-Nipa.practableView";
				PRODUCT_NAME = "$(TARGET_NAME)";
				SWIFT_VERSION = 4.0;
				TARGETED_DEVICE_FAMILY = "1,2";
			};
			name = Debug;
		};
		E4BED30721498C70009587C8 /* Release */ = {
			isa = XCBuildConfiguration;
			buildSettings = {
				ASSETCATALOG_COMPILER_APPICON_NAME = AppIcon;
				CODE_SIGN_STYLE = Automatic;
				DEVELOPMENT_TEAM = C94WC52RNY;
				INFOPLIST_FILE = practableView/Info.plist;
				LD_RUNPATH_SEARCH_PATHS = "$(inherited) @executable_path/Frameworks";
				PRODUCT_BUNDLE_IDENTIFIER = "Farjana-Nipa.practableView";
				PRODUCT_NAME = "$(TARGET_NAME)";
				SWIFT_VERSION = 4.0;
				TARGETED_DEVICE_FAMILY = "1,2";
			};
			name = Release;
		};
/* End XCBuildConfiguration section */

/* Begin XCConfigurationList section */
		E4BED2EE21498C70009587C8 /* Build configuration list for PBXProject "practableView" */ = {
			isa = XCConfigurationList;
			buildConfigurations = (
				E4BED30321498C70009587C8 /* Debug */,
				E4BED30421498C70009587C8 /* Release */,
			);
			defaultConfigurationIsVisible = 0;
			defaultConfigurationName = Release;
		};
		E4BED30521498C70009587C8 /* Build configuration list for PBXNativeTarget "practableView" */ = {
			isa = XCConfigurationList;
			buildConfigurations = (
				E4BED30621498C70009587C8 /* Debug */,
				E4BED30721498C70009587C8 /* Release */,
			);
			defaultConfigurationIsVisible = 0;
			defaultConfigurationName = Release;
		};
/* End XCConfigurationList section */
	};
	rootObject = E4BED2EB21498C70009587C8 /* Project object */;
}
